
Microsoft Visual Studio Solution File, Format Version 12.00
# Visual Studio Version 17
VisualStudioVersion = 17.3.32825.248
MinimumVisualStudioVersion = 10.0.40219.1
Project("{FAE04EC0-301F-11D3-BF4B-00C04F79EFBC}") = "PresentationLayer", "PresentationLayer\PresentationLayer.csproj", "{02E39FA4-D739-4FE9-8B0A-61B58DA3A046}"
EndProject
Project("{FAE04EC0-301F-11D3-BF4B-00C04F79EFBC}") = "BusinessLayer", "BusinessLayer\BusinessLayer.csproj", "{7B4DD11A-9278-41E6-BB01-ECAFEB20B9B1}"
EndProject
Project("{FAE04EC0-301F-11D3-BF4B-00C04F79EFBC}") = "DataAccessLayer", "DataAccessLayer\DataAccessLayer.csproj", "{980A2F64-006A-4983-A127-3D46F3F82144}"
EndProject
Global
	GlobalSection(SolutionConfigurationPlatforms) = preSolution
		Debug|Any CPU = Debug|Any CPU
		Release|Any CPU = Release|Any CPU
	EndGlobalSection
	GlobalSection(ProjectConfigurationPlatforms) = postSolution
		{02E39FA4-D739-4FE9-8B0A-61B58DA3A046}.Debug|Any CPU.ActiveCfg = Debug|Any CPU
		{02E39FA4-D739-4FE9-8B0A-61B58DA3A046}.Debug|Any CPU.Build.0 = Debug|Any CPU
		{02E39FA4-D739-4FE9-8B0A-61B58DA3A046}.Release|Any CPU.ActiveCfg = Release|Any CPU
		{02E39FA4-D739-4FE9-8B0A-61B58DA3A046}.Release|Any CPU.Build.0 = Release|Any CPU
		{7B4DD11A-9278-41E6-BB01-ECAFEB20B9B1}.Debug|Any CPU.ActiveCfg = Debug|Any CPU
		{7B4DD11A-9278-41E6-BB01-ECAFEB20B9B1}.Debug|Any CPU.Build.0 = Debug|Any CPU
		{7B4DD11A-9278-41E6-BB01-ECAFEB20B9B1}.Release|Any CPU.ActiveCfg = Release|Any CPU
		{7B4DD11A-9278-41E6-BB01-ECAFEB20B9B1}.Release|Any CPU.Build.0 = Release|Any CPU
		{980A2F64-006A-4983-A127-3D46F3F82144}.Debug|Any CPU.ActiveCfg = Debug|Any CPU
		{980A2F64-006A-4983-A127-3D46F3F82144}.Debug|Any CPU.Build.0 = Debug|Any CPU
		{980A2F64-006A-4983-A127-3D46F3F82144}.Release|Any CPU.ActiveCfg = Release|Any CPU
		{980A2F64-006A-4983-A127-3D46F3F82144}.Release|Any CPU.Build.0 = Release|Any CPU
	EndGlobalSection
	GlobalSection(SolutionProperties) = preSolution
		HideSolutionNode = FALSE
	EndGlobalSection
	GlobalSection(ExtensibilityGlobals) = postSolution
		SolutionGuid = {23ABA51C-2B98-4A7E-B583-AF5B30115333}
	EndGlobalSection
EndGlobal
